
Microsoft Visual Studio Solution File, Format Version 12.00
# Visual Studio Version 17
VisualStudioVersion = 17.8.34330.188
MinimumVisualStudioVersion = 10.0.40219.1
Project("{FAE04EC0-301F-11D3-BF4B-00C04F79EFBC}") = "ГК_PHP_ПЗ_Модуль_13_Laravel_ч_1", "ГК_PHP_ПЗ_Модуль_13_Laravel_ч_1.csproj", "{D1DD79F9-A23C-4039-A5C1-589FE4AE9437}"
EndProject
Global
	GlobalSection(SolutionConfigurationPlatforms) = preSolution
		Debug|Any CPU = Debug|Any CPU
		Release|Any CPU = Release|Any CPU
	EndGlobalSection
	GlobalSection(ProjectConfigurationPlatforms) = postSolution
		{D1DD79F9-A23C-4039-A5C1-589FE4AE9437}.Debug|Any CPU.ActiveCfg = Debug|Any CPU
		{D1DD79F9-A23C-4039-A5C1-589FE4AE9437}.Debug|Any CPU.Build.0 = Debug|Any CPU
		{D1DD79F9-A23C-4039-A5C1-589FE4AE9437}.Release|Any CPU.ActiveCfg = Release|Any CPU
		{D1DD79F9-A23C-4039-A5C1-589FE4AE9437}.Release|Any CPU.Build.0 = Release|Any CPU
	EndGlobalSection
	GlobalSection(SolutionProperties) = preSolution
		HideSolutionNode = FALSE
	EndGlobalSection
	GlobalSection(ExtensibilityGlobals) = postSolution
		SolutionGuid = {62299228-4FB5-4B89-872E-6041E56EFB91}
	EndGlobalSection
EndGlobal
